{
  "pins" : [
    {
      "identity" : "datable",
      "kind" : "remoteSourceControl",
      "location" : "https://github.com/OperatorFoundation/Datable",
      "state" : {
        "branch" : "main",
        "revision" : "8cb921cab89b0d2a21b356734377cd449e7476ed"
      }
    },
    {
      "identity" : "keychaintypes",
      "kind" : "remoteSourceControl",
      "location" : "https://github.com/OperatorFoundation/KeychainTypes",
      "state" : {
        "branch" : "main",
        "revision" : "46528f7a760412a709f20eca174b475d17c9d808"
      }
    },
    {
      "identity" : "swift-crypto",
      "kind" : "remoteSourceControl",
      "location" : "https://github.com/apple/swift-crypto",
      "state" : {
        "revision" : "d9825fa541df64b1a7b182178d61b9a82730d01f",
        "version" : "2.1.0"
      }
    }
  ],
  "version" : 2
}
