{
  "pins" : [
    {
      "identity" : "datable",
      "kind" : "remoteSourceControl",
      "location" : "https://github.com/OperatorFoundation/Datable",
      "state" : {
        "branch" : "main",
        "revision" : "93daf97ee4b6fcb275e22cc2ce1f019409cb257e"
      }
    },
    {
      "identity" : "keychaintypes",
      "kind" : "remoteSourceControl",
      "location" : "https://github.com/OperatorFoundation/KeychainTypes",
      "state" : {
        "branch" : "main",
        "revision" : "44bc8c44c7bd4cf6e7d080e2975356abb7770613"
      }
    },
    {
      "identity" : "swift-crypto",
      "kind" : "remoteSourceControl",
      "location" : "https://github.com/apple/swift-crypto",
      "state" : {
        "revision" : "d9825fa541df64b1a7b182178d61b9a82730d01f",
        "version" : "2.1.0"
      }
    }
  ],
  "version" : 2
}
